
Microsoft Visual Studio Solution File, Format Version 12.00
# Visual Studio Version 16
VisualStudioVersion = 16.0.31729.503
MinimumVisualStudioVersion = 10.0.40219.1
Project("{FAE04EC0-301F-11D3-BF4B-00C04F79EFBC}") = "Wolf-DDClient", "Wolf-DDClient\Wolf-DDClient.csproj", "{5B9A4D71-16B2-49AF-B85D-EF6410898053}"
EndProject
Global
	GlobalSection(SolutionConfigurationPlatforms) = preSolution
		Debug|Any CPU = Debug|Any CPU
		Release|Any CPU = Release|Any CPU
	EndGlobalSection
	GlobalSection(ProjectConfigurationPlatforms) = postSolution
		{5B9A4D71-16B2-49AF-B85D-EF6410898053}.Debug|Any CPU.ActiveCfg = Debug|Any CPU
		{5B9A4D71-16B2-49AF-B85D-EF6410898053}.Debug|Any CPU.Build.0 = Debug|Any CPU
		{5B9A4D71-16B2-49AF-B85D-EF6410898053}.Release|Any CPU.ActiveCfg = Release|Any CPU
		{5B9A4D71-16B2-49AF-B85D-EF6410898053}.Release|Any CPU.Build.0 = Release|Any CPU
	EndGlobalSection
	GlobalSection(SolutionProperties) = preSolution
		HideSolutionNode = FALSE
	EndGlobalSection
	GlobalSection(ExtensibilityGlobals) = postSolution
		SolutionGuid = {20A962E8-126A-46D1-AFD1-2535DB9724EC}
	EndGlobalSection
EndGlobal
